
Microsoft Visual Studio Solution File, Format Version 12.00
# Visual Studio Version 17
VisualStudioVersion = 17.14.36202.13
MinimumVisualStudioVersion = 10.0.40219.1
Project("{FAE04EC0-301F-11D3-BF4B-00C04F79EFBC}") = "WeatherApplication.API", "src\WeatherApplication.API\WeatherApplication.API.csproj", "{B953AEFD-7B6C-4C77-A631-D00D5289A147}"
EndProject
Project("{FAE04EC0-301F-11D3-BF4B-00C04F79EFBC}") = "WeatherApplication.Test", "test\WeatherApplication.Test\WeatherApplication.Test.csproj", "{D11EF9AC-25F5-4FFA-BC27-64A1EC6E36B4}"
EndProject
Project("{2150E333-8FDC-42A3-9474-1A3956D46DE8}") = "Solution Items", "Solution Items", "{8EC462FD-D22E-90A8-E5CE-7E832BA40C5D}"
	ProjectSection(SolutionItems) = preProject
		Dockerfile.txt = Dockerfile.txt
	EndProjectSection
EndProject
Global
	GlobalSection(SolutionConfigurationPlatforms) = preSolution
		Debug|Any CPU = Debug|Any CPU
		Release|Any CPU = Release|Any CPU
	EndGlobalSection
	GlobalSection(ProjectConfigurationPlatforms) = postSolution
		{B953AEFD-7B6C-4C77-A631-D00D5289A147}.Debug|Any CPU.ActiveCfg = Debug|Any CPU
		{B953AEFD-7B6C-4C77-A631-D00D5289A147}.Debug|Any CPU.Build.0 = Debug|Any CPU
		{B953AEFD-7B6C-4C77-A631-D00D5289A147}.Release|Any CPU.ActiveCfg = Release|Any CPU
		{B953AEFD-7B6C-4C77-A631-D00D5289A147}.Release|Any CPU.Build.0 = Release|Any CPU
		{D11EF9AC-25F5-4FFA-BC27-64A1EC6E36B4}.Debug|Any CPU.ActiveCfg = Debug|Any CPU
		{D11EF9AC-25F5-4FFA-BC27-64A1EC6E36B4}.Debug|Any CPU.Build.0 = Debug|Any CPU
		{D11EF9AC-25F5-4FFA-BC27-64A1EC6E36B4}.Release|Any CPU.ActiveCfg = Release|Any CPU
		{D11EF9AC-25F5-4FFA-BC27-64A1EC6E36B4}.Release|Any CPU.Build.0 = Release|Any CPU
	EndGlobalSection
	GlobalSection(SolutionProperties) = preSolution
		HideSolutionNode = FALSE
	EndGlobalSection
	GlobalSection(ExtensibilityGlobals) = postSolution
		SolutionGuid = {9CF47F63-D133-4B9F-9DED-6F9968D9304A}
	EndGlobalSection
EndGlobal
